{
  "R": {
    "Version": "3.6.3",
    "Repositories": [
      {
        "Name": "CRAN",
        "URL": "https://cloud.r-project.org"
      }
    ]
  },
  "Packages": {
    "R6": {
      "Package": "R6",
      "Version": "2.5.1",
      "Source": "Repository",
      "Repository": "CRAN",
      "Hash": "470851b6d5d0ac559e9d01bb352b4021"
    },
    "XML": {
      "Package": "XML",
      "Version": "3.99-0.3",
      "Source": "Repository",
      "Repository": "CRAN",
      "Hash": "c1616606f097075542c12fb8a10a071e"
    },
    "askpass": {
      "Package": "askpass",
      "Version": "1.1",
      "Source": "Repository",
      "Repository": "CRAN",
      "Hash": "e8a22846fff485f0be3770c2da758713"
    },
    "cli": {
      "Package": "cli",
      "Version": "3.6.0",
      "Source": "Repository",
      "Repository": "CRAN",
      "Hash": "3177a5a16c243adc199ba33117bd9657"
    },
    "codetools": {
      "Package": "codetools",
      "Version": "0.2-16",
      "Source": "Repository",
      "Repository": "CRAN",
      "Hash": "89cf4b8207269ccf82fbeb6473fd662b"
    },
    "curl": {
      "Package": "curl",
      "Version": "4.3.2",
      "Source": "Repository",
      "Repository": "CRAN",
      "Hash": "022c42d49c28e95d69ca60446dbabf88"
    },
    "data.table": {
      "Package": "data.table",
      "Version": "1.14.2",
      "Source": "Repository",
      "Repository": "CRAN",
      "Hash": "36b67b5adf57b292923f5659f5f0c853"
    },
    "doParallel": {
      "Package": "doParallel",
      "Version": "1.0.16",
      "Source": "Repository",
      "Repository": "CRAN",
      "Hash": "2dc413572eb42475179bfe0afabd2adf"
    },
    "dplyr": {
      "Package": "dplyr",
      "Version": "1.1.0",
      "Source": "Repository",
      "Repository": "CRAN",
      "Hash": "d3c34618017e7ae252d46d79a1b9ec32"
    },
    "fansi": {
      "Package": "fansi",
      "Version": "1.0.4",
      "Source": "Repository",
      "Repository": "CRAN",
      "Hash": "1d9e7ad3c8312a192dea7d3db0274fde"
    },
    "foreach": {
      "Package": "foreach",
      "Version": "1.5.1",
      "Source": "Repository",
      "Repository": "CRAN",
      "Hash": "e32cfc0973caba11b65b1fa691b4d8c9"
    },
    "generics": {
      "Package": "generics",
      "Version": "0.1.3",
      "Source": "Repository",
      "Repository": "CRAN",
      "Hash": "15e9634c0fcd294799e9b2e929ed1b86"
    },
    "glue": {
      "Package": "glue",
      "Version": "1.4.2",
      "Source": "Repository",
      "Repository": "CRAN",
      "Hash": "6efd734b14c6471cfe443345f3e35e29"
    },
    "httr": {
      "Package": "httr",
      "Version": "1.4.2",
      "Source": "Repository",
      "Repository": "CRAN",
      "Hash": "a525aba14184fec243f9eaec62fbed43"
    },
    "iterators": {
      "Package": "iterators",
      "Version": "1.0.13",
      "Source": "Repository",
      "Repository": "CRAN",
      "Hash": "64778782a89480e9a644f69aad9a2877"
    },
    "jsonlite": {
      "Package": "jsonlite",
      "Version": "1.7.2",
      "Source": "Repository",
      "Repository": "CRAN",
      "Hash": "98138e0994d41508c7a6b84a0600cfcb"
    },
    "lifecycle": {
      "Package": "lifecycle",
      "Version": "1.0.3",
      "Source": "Repository",
      "Repository": "CRAN",
      "Hash": "001cecbeac1cff9301bdc3775ee46a86"
    },
    "logging": {
      "Package": "logging",
      "Version": "0.10-108",
      "Source": "Repository",
      "Repository": "CRAN",
      "Hash": "fbef2ca79e23f11e033e89317b4c4770"
    },
    "magrittr": {
      "Package": "magrittr",
      "Version": "2.0.1",
      "Source": "Repository",
      "Repository": "CRAN",
      "Hash": "41287f1ac7d28a92f0a286ed507928d3"
    },
    "mime": {
      "Package": "mime",
      "Version": "0.12",
      "Source": "Repository",
      "Repository": "CRAN",
      "Hash": "18e9c28c1d3ca1560ce30658b22ce104"
    },
    "openssl": {
      "Package": "openssl",
      "Version": "1.4.5",
      "Source": "Repository",
      "Repository": "CRAN",
      "Hash": "5406fd37ef0bf9b88c8a4f264d6ec220"
    },
    "pillar": {
      "Package": "pillar",
      "Version": "1.8.1",
      "Source": "Repository",
      "Repository": "CRAN",
      "Hash": "f2316df30902c81729ae9de95ad5a608"
    },
    "pkgconfig": {
      "Package": "pkgconfig",
      "Version": "2.0.3",
      "Source": "Repository",
      "Repository": "CRAN",
      "Hash": "01f28d4278f15c76cddbea05899c5d6f"
    },
    "rentrez": {
      "Package": "rentrez",
      "Version": "1.2.3",
      "Source": "GitHub",
      "RemoteType": "github",
      "RemoteHost": "api.github.com",
      "RemoteRepo": "rentrez",
      "RemoteUsername": "OpenKnowledgeMaps",
      "RemoteRef": "http-post",
      "RemoteSha": "16732cd1d1bd3ac2c7f73c3ad88da5eed1f5d543",
      "Hash": "338e492f44e8873ed32661eb4e8d013c"
    },
    "renv": {
      "Package": "renv",
      "Version": "0.14.0",
      "Source": "Repository",
      "Repository": "CRAN",
      "Hash": "30e5eba91b67f7f4d75d31de14bbfbdc"
    },
    "rlang": {
      "Package": "rlang",
      "Version": "1.0.6",
      "Source": "Repository",
      "Repository": "CRAN",
      "Hash": "4ed1f8336c8d52c3e750adcdc57228a7"
    },
    "stringdist": {
      "Package": "stringdist",
      "Version": "0.9.8",
      "Source": "Repository",
      "Repository": "CRAN",
      "Hash": "c8b6c79c3b2d7d8475f3ab35cd99737b"
    },
    "stringi": {
      "Package": "stringi",
      "Version": "1.7.5",
      "Source": "Repository",
      "Repository": "CRAN",
      "Hash": "cd50dc9b449de3d3b47cdc9976886999"
    },
    "stringr": {
      "Package": "stringr",
      "Version": "1.4.0",
      "Source": "Repository",
      "Repository": "CRAN",
      "Hash": "0759e6b6c0957edb1311028a49a35e76"
    },
    "sys": {
      "Package": "sys",
      "Version": "3.4",
      "Source": "Repository",
      "Repository": "CRAN",
      "Hash": "b227d13e29222b4574486cfcbde077fa"
    },
    "tibble": {
      "Package": "tibble",
      "Version": "3.1.8",
      "Source": "Repository",
      "Repository": "CRAN",
      "Hash": "56b6934ef0f8c68225949a8672fe1a8f"
    },
    "tidyselect": {
      "Package": "tidyselect",
      "Version": "1.2.0",
      "Source": "Repository",
      "Repository": "CRAN",
      "Hash": "79540e5fcd9e0435af547d885f184fd5"
    },
    "utf8": {
      "Package": "utf8",
      "Version": "1.2.3",
      "Source": "Repository",
      "Repository": "CRAN",
      "Hash": "1fe17157424bb09c48a8b3b550c753bc"
    },
    "vctrs": {
      "Package": "vctrs",
      "Version": "0.5.2",
      "Source": "Repository",
      "Repository": "CRAN",
      "Hash": "e4ffa94ceed5f124d429a5a5f0f5b378"
    },
    "withr": {
      "Package": "withr",
      "Version": "2.5.0",
      "Source": "Repository",
      "Repository": "CRAN",
      "Hash": "c0e49a9760983e81e55cdd9be92e7182"
    },
    "xml2": {
      "Package": "xml2",
      "Version": "1.3.2",
      "Source": "Repository",
      "Repository": "CRAN",
      "Hash": "d4d71a75dd3ea9eb5fa28cc21f9585e2"
    }
  }
}
