{
  "R": {
    "Version": "3.6.3",
    "Repositories": [
      {
        "Name": "CRAN",
        "URL": "https://cloud.r-project.org"
      }
    ]
  },
  "Packages": {
    "BH": {
      "Package": "BH",
      "Version": "1.75.0-0",
      "Source": "Repository",
      "Repository": "CRAN",
      "Hash": "e4c04affc2cac20c8fec18385cd14691"
    },
    "GMD": {
      "Package": "GMD",
      "Version": "0.3.3",
      "Source": "URL",
      "Repository": "CRAN",
      "RemoteType": "url",
      "RemoteUrl": "https://cran.r-project.org/src/contrib/Archive/GMD/GMD_0.3.3.tar.gz",
      "Hash": "519509ff9c3fb0546ef35c059607327a"
    },
    "KernSmooth": {
      "Package": "KernSmooth",
      "Version": "2.23-16",
      "Source": "Repository",
      "Repository": "CRAN",
      "Hash": "997471f25a7ed6c782f0090ce52cc63a"
    },
    "MASS": {
      "Package": "MASS",
      "Version": "7.3-51.5",
      "Source": "Repository",
      "Repository": "CRAN",
      "Hash": "9efe80472b21189ebab1b74169808c26"
    },
    "Matrix": {
      "Package": "Matrix",
      "Version": "1.2-18",
      "Source": "Repository",
      "Repository": "CRAN",
      "Hash": "08588806cba69f04797dab50627428ed"
    },
    "NLP": {
      "Package": "NLP",
      "Version": "0.2-1",
      "Source": "Repository",
      "Repository": "CRAN",
      "Hash": "94b0a21c13933f61cf6272a192964624"
    },
    "R6": {
      "Package": "R6",
      "Version": "2.5.1",
      "Source": "Repository",
      "Repository": "CRAN",
      "Hash": "470851b6d5d0ac559e9d01bb352b4021"
    },
    "Rcpp": {
      "Package": "Rcpp",
      "Version": "1.0.7",
      "Source": "Repository",
      "Repository": "CRAN",
      "Hash": "dab19adae4440ae55aa8a9d238b246bb"
    },
    "SnowballC": {
      "Package": "SnowballC",
      "Version": "0.7.0",
      "Source": "Repository",
      "Repository": "CRAN",
      "Hash": "bc26e07c0d747fd287c370fe355e7b85"
    },
    "bitops": {
      "Package": "bitops",
      "Version": "1.0-7",
      "Source": "Repository",
      "Repository": "CRAN",
      "Hash": "b7d8d8ee39869c18d8846a184dd8a1af"
    },
    "caTools": {
      "Package": "caTools",
      "Version": "1.18.2",
      "Source": "Repository",
      "Repository": "CRAN",
      "Hash": "34d90fa5845004236b9eacafc51d07b2"
    },
    "cli": {
      "Package": "cli",
      "Version": "3.6.0",
      "Source": "Repository",
      "Repository": "CRAN",
      "Hash": "3177a5a16c243adc199ba33117bd9657"
    },
    "cluster": {
      "Package": "cluster",
      "Version": "2.1.0",
      "Source": "Repository",
      "Repository": "CRAN",
      "Hash": "db63a44aab5aadcb6bf2f129751d129a"
    },
    "codetools": {
      "Package": "codetools",
      "Version": "0.2-16",
      "Source": "Repository",
      "Repository": "CRAN",
      "Hash": "89cf4b8207269ccf82fbeb6473fd662b"
    },
    "cpp11": {
      "Package": "cpp11",
      "Version": "0.4.1",
      "Source": "Repository",
      "Repository": "CRAN",
      "Hash": "70976176dfd7f179f212783aab2547b1"
    },
    "crayon": {
      "Package": "crayon",
      "Version": "1.4.2",
      "Source": "Repository",
      "Repository": "CRAN",
      "Hash": "0a6a65d92bd45b47b94b84244b528d17"
    },
    "data.table": {
      "Package": "data.table",
      "Version": "1.14.6",
      "Source": "Repository",
      "Repository": "CRAN",
      "Hash": "aecef50008ea7b57c76f1cb5c127fb02"
    },
    "doParallel": {
      "Package": "doParallel",
      "Version": "1.0.17",
      "Source": "Repository",
      "Repository": "CRAN",
      "Hash": "451e5edf411987991ab6a5410c45011f"
    },
    "dplyr": {
      "Package": "dplyr",
      "Version": "1.0.10",
      "Source": "Repository",
      "Repository": "CRAN",
      "Hash": "539412282059f7f0c07295723d23f987"
    },
    "ellipsis": {
      "Package": "ellipsis",
      "Version": "0.3.2",
      "Source": "Repository",
      "Repository": "CRAN",
      "Hash": "bb0eec2fe32e88d9e2836c2f73ea2077"
    },
    "fansi": {
      "Package": "fansi",
      "Version": "0.5.0",
      "Source": "Repository",
      "Repository": "CRAN",
      "Hash": "d447b40982c576a72b779f0a3b3da227"
    },
    "foreach": {
      "Package": "foreach",
      "Version": "1.5.1",
      "Source": "Repository",
      "Repository": "CRAN",
      "Hash": "e32cfc0973caba11b65b1fa691b4d8c9"
    },
    "foreign": {
      "Package": "foreign",
      "Version": "0.8-75",
      "Source": "Repository",
      "Repository": "CRAN",
      "Hash": "9a7efaa7320b9f327a904d1e615b0b46"
    },
    "fossil": {
      "Package": "fossil",
      "Version": "0.4.0",
      "Source": "Repository",
      "Repository": "CRAN",
      "Hash": "40516c0ab0d9da3e1415618e5c95ed3a"
    },
    "generics": {
      "Package": "generics",
      "Version": "0.1.1",
      "Source": "Repository",
      "Repository": "CRAN",
      "Hash": "3f6bcfb0ee5d671d9fd1893d2faa79cb"
    },
    "glue": {
      "Package": "glue",
      "Version": "1.6.2",
      "Source": "Repository",
      "Repository": "CRAN",
      "Hash": "4f2596dfb05dac67b9dc558e5c6fba2e"
    },
    "gplots": {
      "Package": "gplots",
      "Version": "3.1.1",
      "Source": "Repository",
      "Repository": "CRAN",
      "Hash": "e65e5d5dea4cbb9ba822dcd782b2ee1f"
    },
    "gtools": {
      "Package": "gtools",
      "Version": "3.9.2",
      "Source": "Repository",
      "Repository": "CRAN",
      "Hash": "2ace6c4a06297d0b364e0444384a2b82"
    },
    "iterators": {
      "Package": "iterators",
      "Version": "1.0.13",
      "Source": "Repository",
      "Repository": "CRAN",
      "Hash": "64778782a89480e9a644f69aad9a2877"
    },
    "jsonlite": {
      "Package": "jsonlite",
      "Version": "1.8.4",
      "Source": "Repository",
      "Repository": "CRAN",
      "Hash": "a4269a09a9b865579b2635c77e572374"
    },
    "lattice": {
      "Package": "lattice",
      "Version": "0.20-45",
      "Source": "Repository",
      "Repository": "CRAN",
      "Hash": "b64cdbb2b340437c4ee047a1f4c4377b"
    },
    "lifecycle": {
      "Package": "lifecycle",
      "Version": "1.0.3",
      "Source": "Repository",
      "Repository": "CRAN",
      "Hash": "001cecbeac1cff9301bdc3775ee46a86"
    },
    "logging": {
      "Package": "logging",
      "Version": "0.10-108",
      "Source": "Repository",
      "Repository": "CRAN",
      "Hash": "fbef2ca79e23f11e033e89317b4c4770"
    },
    "magrittr": {
      "Package": "magrittr",
      "Version": "2.0.1",
      "Source": "Repository",
      "Repository": "CRAN",
      "Hash": "41287f1ac7d28a92f0a286ed507928d3"
    },
    "maps": {
      "Package": "maps",
      "Version": "3.4.0",
      "Source": "Repository",
      "Repository": "CRAN",
      "Hash": "b3d98a967ec17c80f795719529812fa0"
    },
    "mgcv": {
      "Package": "mgcv",
      "Version": "1.8-31",
      "Source": "Repository",
      "Repository": "CRAN",
      "Hash": "4bb7e0c4f3557583e1e8d3c9ffb8ba5c"
    },
    "nlme": {
      "Package": "nlme",
      "Version": "3.1-144",
      "Source": "Repository",
      "Repository": "CRAN",
      "Hash": "e80d41932d3cc235ccbbbb9732ae162e"
    },
    "parfossil": {
      "Package": "parfossil",
      "Version": "0.2.0",
      "Source": "URL",
      "Repository": "CRAN",
      "RemoteType": "url",
      "RemoteUrl": "https://cran.r-project.org/src/contrib/Archive/parfossil/parfossil_0.2.0.tar.gz",
      "Hash": "58d1da76330eee614904d8cea80200b9"
    },
    "permute": {
      "Package": "permute",
      "Version": "0.9-5",
      "Source": "Repository",
      "Repository": "CRAN",
      "Hash": "e367efa1f0d52cb753bdb9163b63f528"
    },
    "pillar": {
      "Package": "pillar",
      "Version": "1.6.4",
      "Source": "Repository",
      "Repository": "CRAN",
      "Hash": "60200b6aa32314ac457d3efbb5ccbd98"
    },
    "pkgconfig": {
      "Package": "pkgconfig",
      "Version": "2.0.3",
      "Source": "Repository",
      "Repository": "CRAN",
      "Hash": "01f28d4278f15c76cddbea05899c5d6f"
    },
    "plyr": {
      "Package": "plyr",
      "Version": "1.8.8",
      "Source": "Repository",
      "Repository": "CRAN",
      "Hash": "d744387aef9047b0b48be2933d78e862"
    },
    "proxy": {
      "Package": "proxy",
      "Version": "0.4-27",
      "Source": "Repository",
      "Repository": "CRAN",
      "Hash": "e0ef355c12942cf7a6b91a6cfaea8b3e"
    },
    "purrr": {
      "Package": "purrr",
      "Version": "1.0.1",
      "Source": "Repository",
      "Repository": "CRAN",
      "Hash": "d71c815267c640f17ddbf7f16144b4bb"
    },
    "renv": {
      "Package": "renv",
      "Version": "0.14.0",
      "Source": "Repository",
      "Repository": "CRAN",
      "Hash": "30e5eba91b67f7f4d75d31de14bbfbdc"
    },
    "rlang": {
      "Package": "rlang",
      "Version": "1.0.6",
      "Source": "Repository",
      "Repository": "CRAN",
      "Hash": "4ed1f8336c8d52c3e750adcdc57228a7"
    },
    "shapefiles": {
      "Package": "shapefiles",
      "Version": "0.7",
      "Source": "Repository",
      "Repository": "CRAN",
      "Hash": "80dde2abbbe641a1dd783cfbd1d23596"
    },
    "slam": {
      "Package": "slam",
      "Version": "0.1-49",
      "Source": "Repository",
      "Repository": "CRAN",
      "Hash": "be4af0d3420f164f135a210da1d2ba5e"
    },
    "sp": {
      "Package": "sp",
      "Version": "1.4-6",
      "Source": "Repository",
      "Repository": "CRAN",
      "Hash": "ce8613f4e8c84ef4da9eba65b874ebe9"
    },
    "stringdist": {
      "Package": "stringdist",
      "Version": "0.9.10",
      "Source": "Repository",
      "Repository": "CRAN",
      "Hash": "d68492ba784c0797d9e49f8182bc98d4"
    },
    "stringi": {
      "Package": "stringi",
      "Version": "1.7.12",
      "Source": "Repository",
      "Repository": "CRAN",
      "Hash": "ca8bd84263c77310739d2cf64d84d7c9"
    },
    "stringr": {
      "Package": "stringr",
      "Version": "1.5.0",
      "Source": "Repository",
      "Repository": "CRAN",
      "Hash": "671a4d384ae9d32fc47a14e98bfa3dc8"
    },
    "tibble": {
      "Package": "tibble",
      "Version": "3.1.6",
      "Source": "Repository",
      "Repository": "CRAN",
      "Hash": "8a8f02d1934dfd6431c671361510dd0b"
    },
    "tidyr": {
      "Package": "tidyr",
      "Version": "1.3.0",
      "Source": "Repository",
      "Repository": "CRAN",
      "Hash": "e47debdc7ce599b070c8e78e8ac0cfcf"
    },
    "tidyselect": {
      "Package": "tidyselect",
      "Version": "1.2.0",
      "Source": "Repository",
      "Repository": "CRAN",
      "Hash": "79540e5fcd9e0435af547d885f184fd5"
    },
    "tm": {
      "Package": "tm",
      "Version": "0.7-10",
      "Source": "Repository",
      "Repository": "CRAN",
      "Hash": "e933a5a2877f14b177332fe60b314eae"
    },
    "utf8": {
      "Package": "utf8",
      "Version": "1.2.2",
      "Source": "Repository",
      "Repository": "CRAN",
      "Hash": "c9c462b759a5cc844ae25b5942654d13"
    },
    "vctrs": {
      "Package": "vctrs",
      "Version": "0.5.2",
      "Source": "Repository",
      "Repository": "CRAN",
      "Hash": "e4ffa94ceed5f124d429a5a5f0f5b378"
    },
    "vegan": {
      "Package": "vegan",
      "Version": "2.6-4",
      "Source": "Repository",
      "Repository": "CRAN",
      "Hash": "659fe7589b8e0b16baa49043a61a0ce0"
    },
    "withr": {
      "Package": "withr",
      "Version": "2.5.0",
      "Source": "Repository",
      "Repository": "CRAN",
      "Hash": "c0e49a9760983e81e55cdd9be92e7182"
    },
    "xml2": {
      "Package": "xml2",
      "Version": "1.3.2",
      "Source": "Repository",
      "Repository": "CRAN",
      "Hash": "d4d71a75dd3ea9eb5fa28cc21f9585e2"
    }
  }
}
