{
  "R": {
    "Version": "3.6.3",
    "Repositories": [
      {
        "Name": "CRAN",
        "URL": "https://cloud.r-project.org"
      }
    ]
  },
  "Packages": {
    "BH": {
      "Package": "BH",
      "Version": "1.75.0-0",
      "Source": "Repository",
      "Repository": "CRAN",
      "Hash": "e4c04affc2cac20c8fec18385cd14691"
    },
    "GMD": {
      "Package": "GMD",
      "Version": "0.3.3",
      "Source": "URL",
      "Repository": "CRAN",
      "RemoteType": "url",
      "RemoteUrl": "https://cran.r-project.org/src/contrib/Archive/GMD/GMD_0.3.3.tar.gz",
      "Hash": "519509ff9c3fb0546ef35c059607327a"
    },
    "KernSmooth": {
      "Package": "KernSmooth",
      "Version": "2.23-16",
      "Source": "Repository",
      "Repository": "CRAN",
      "Hash": "997471f25a7ed6c782f0090ce52cc63a"
    },
    "MASS": {
      "Package": "MASS",
      "Version": "7.3-51.5",
      "Source": "Repository",
      "Repository": "CRAN",
      "Hash": "9efe80472b21189ebab1b74169808c26"
    },
    "Matrix": {
      "Package": "Matrix",
      "Version": "1.2-18",
      "Source": "Repository",
      "Repository": "CRAN",
      "Hash": "08588806cba69f04797dab50627428ed"
    },
    "NLP": {
      "Package": "NLP",
      "Version": "0.2-1",
      "Source": "Repository",
      "Repository": "CRAN",
      "Hash": "94b0a21c13933f61cf6272a192964624"
    },
    "R6": {
      "Package": "R6",
      "Version": "2.5.1",
      "Source": "Repository",
      "Repository": "CRAN",
      "Hash": "470851b6d5d0ac559e9d01bb352b4021"
    },
    "Rcpp": {
      "Package": "Rcpp",
      "Version": "1.0.7",
      "Source": "Repository",
      "Repository": "CRAN",
      "Hash": "dab19adae4440ae55aa8a9d238b246bb"
    },
    "SnowballC": {
      "Package": "SnowballC",
      "Version": "0.7.0",
      "Source": "Repository",
      "Repository": "CRAN",
      "Hash": "bc26e07c0d747fd287c370fe355e7b85"
    },
    "bitops": {
      "Package": "bitops",
      "Version": "1.0-7",
      "Source": "Repository",
      "Repository": "CRAN",
      "Hash": "b7d8d8ee39869c18d8846a184dd8a1af"
    },
    "caTools": {
      "Package": "caTools",
      "Version": "1.18.2",
      "Source": "Repository",
      "Repository": "CRAN",
      "Hash": "34d90fa5845004236b9eacafc51d07b2"
    },
    "cli": {
      "Package": "cli",
      "Version": "3.1.0",
      "Source": "Repository",
      "Repository": "CRAN",
      "Hash": "66a3834e54593c89d8beefb312347e58"
    },
    "cluster": {
      "Package": "cluster",
      "Version": "2.1.0",
      "Source": "Repository",
      "Repository": "CRAN",
      "Hash": "db63a44aab5aadcb6bf2f129751d129a"
    },
    "codetools": {
      "Package": "codetools",
      "Version": "0.2-16",
      "Source": "Repository",
      "Repository": "CRAN",
      "Hash": "89cf4b8207269ccf82fbeb6473fd662b"
    },
    "cpp11": {
      "Package": "cpp11",
      "Version": "0.4.1",
      "Source": "Repository",
      "Repository": "CRAN",
      "Hash": "70976176dfd7f179f212783aab2547b1"
    },
    "crayon": {
      "Package": "crayon",
      "Version": "1.4.2",
      "Source": "Repository",
      "Repository": "CRAN",
      "Hash": "0a6a65d92bd45b47b94b84244b528d17"
    },
    "data.table": {
      "Package": "data.table",
      "Version": "1.14.2",
      "Source": "Repository",
      "Repository": "CRAN",
      "Hash": "36b67b5adf57b292923f5659f5f0c853"
    },
    "doParallel": {
      "Package": "doParallel",
      "Version": "1.0.16",
      "Source": "Repository",
      "Repository": "CRAN",
      "Hash": "2dc413572eb42475179bfe0afabd2adf"
    },
    "dplyr": {
      "Package": "dplyr",
      "Version": "1.0.7",
      "Source": "Repository",
      "Repository": "CRAN",
      "Hash": "36f1ae62f026c8ba9f9b5c9a08c03297"
    },
    "ellipsis": {
      "Package": "ellipsis",
      "Version": "0.3.2",
      "Source": "Repository",
      "Repository": "CRAN",
      "Hash": "bb0eec2fe32e88d9e2836c2f73ea2077"
    },
    "fansi": {
      "Package": "fansi",
      "Version": "0.5.0",
      "Source": "Repository",
      "Repository": "CRAN",
      "Hash": "d447b40982c576a72b779f0a3b3da227"
    },
    "forcats": {
      "Package": "forcats",
      "Version": "0.5.1",
      "Source": "Repository",
      "Repository": "CRAN",
      "Hash": "81c3244cab67468aac4c60550832655d"
    },
    "foreach": {
      "Package": "foreach",
      "Version": "1.5.1",
      "Source": "Repository",
      "Repository": "CRAN",
      "Hash": "e32cfc0973caba11b65b1fa691b4d8c9"
    },
    "foreign": {
      "Package": "foreign",
      "Version": "0.8-75",
      "Source": "Repository",
      "Repository": "CRAN",
      "Hash": "9a7efaa7320b9f327a904d1e615b0b46"
    },
    "fossil": {
      "Package": "fossil",
      "Version": "0.4.0",
      "Source": "Repository",
      "Repository": "CRAN",
      "Hash": "40516c0ab0d9da3e1415618e5c95ed3a"
    },
    "generics": {
      "Package": "generics",
      "Version": "0.1.1",
      "Source": "Repository",
      "Repository": "CRAN",
      "Hash": "3f6bcfb0ee5d671d9fd1893d2faa79cb"
    },
    "glue": {
      "Package": "glue",
      "Version": "1.5.0",
      "Source": "Repository",
      "Repository": "CRAN",
      "Hash": "5ccb956a6d09b4ca448094582f8c7571"
    },
    "gplots": {
      "Package": "gplots",
      "Version": "3.1.1",
      "Source": "Repository",
      "Repository": "CRAN",
      "Hash": "e65e5d5dea4cbb9ba822dcd782b2ee1f"
    },
    "gtools": {
      "Package": "gtools",
      "Version": "3.9.2",
      "Source": "Repository",
      "Repository": "CRAN",
      "Hash": "2ace6c4a06297d0b364e0444384a2b82"
    },
    "iterators": {
      "Package": "iterators",
      "Version": "1.0.13",
      "Source": "Repository",
      "Repository": "CRAN",
      "Hash": "64778782a89480e9a644f69aad9a2877"
    },
    "jsonlite": {
      "Package": "jsonlite",
      "Version": "1.7.2",
      "Source": "Repository",
      "Repository": "CRAN",
      "Hash": "98138e0994d41508c7a6b84a0600cfcb"
    },
    "lattice": {
      "Package": "lattice",
      "Version": "0.20-40",
      "Source": "Repository",
      "Repository": "CRAN",
      "Hash": "61339152c288b871facca5f68f401f89"
    },
    "lifecycle": {
      "Package": "lifecycle",
      "Version": "1.0.1",
      "Source": "Repository",
      "Repository": "CRAN",
      "Hash": "a6b6d352e3ed897373ab19d8395c98d0"
    },
    "logging": {
      "Package": "logging",
      "Version": "0.10-108",
      "Source": "Repository",
      "Repository": "CRAN",
      "Hash": "fbef2ca79e23f11e033e89317b4c4770"
    },
    "magrittr": {
      "Package": "magrittr",
      "Version": "2.0.1",
      "Source": "Repository",
      "Repository": "CRAN",
      "Hash": "41287f1ac7d28a92f0a286ed507928d3"
    },
    "maps": {
      "Package": "maps",
      "Version": "3.4.0",
      "Source": "Repository",
      "Repository": "CRAN",
      "Hash": "b3d98a967ec17c80f795719529812fa0"
    },
    "mgcv": {
      "Package": "mgcv",
      "Version": "1.8-31",
      "Source": "Repository",
      "Repository": "CRAN",
      "Hash": "4bb7e0c4f3557583e1e8d3c9ffb8ba5c"
    },
    "nlme": {
      "Package": "nlme",
      "Version": "3.1-144",
      "Source": "Repository",
      "Repository": "CRAN",
      "Hash": "e80d41932d3cc235ccbbbb9732ae162e"
    },
    "parfossil": {
      "Package": "parfossil",
      "Version": "0.2.0",
      "Source": "URL",
      "Repository": "CRAN",
      "RemoteType": "url",
      "RemoteUrl": "https://cran.r-project.org/src/contrib/Archive/parfossil/parfossil_0.2.0.tar.gz",
      "Hash": "58d1da76330eee614904d8cea80200b9"
    },
    "permute": {
      "Package": "permute",
      "Version": "0.9-5",
      "Source": "Repository",
      "Repository": "CRAN",
      "Hash": "e367efa1f0d52cb753bdb9163b63f528"
    },
    "pillar": {
      "Package": "pillar",
      "Version": "1.6.4",
      "Source": "Repository",
      "Repository": "CRAN",
      "Hash": "60200b6aa32314ac457d3efbb5ccbd98"
    },
    "pkgconfig": {
      "Package": "pkgconfig",
      "Version": "2.0.3",
      "Source": "Repository",
      "Repository": "CRAN",
      "Hash": "01f28d4278f15c76cddbea05899c5d6f"
    },
    "plyr": {
      "Package": "plyr",
      "Version": "1.8.6",
      "Source": "Repository",
      "Repository": "CRAN",
      "Hash": "ec0e5ab4e5f851f6ef32cd1d1984957f"
    },
    "proxy": {
      "Package": "proxy",
      "Version": "0.4-26",
      "Source": "Repository",
      "Repository": "CRAN",
      "Hash": "50b405c6419e921b9e9360cc9ebbcf2d"
    },
    "purrr": {
      "Package": "purrr",
      "Version": "0.3.4",
      "Source": "Repository",
      "Repository": "CRAN",
      "Hash": "97def703420c8ab10d8f0e6c72101e02"
    },
    "renv": {
      "Package": "renv",
      "Version": "0.14.0",
      "Source": "Repository",
      "Repository": "CRAN",
      "Hash": "30e5eba91b67f7f4d75d31de14bbfbdc"
    },
    "rlang": {
      "Package": "rlang",
      "Version": "0.4.12",
      "Source": "Repository",
      "Repository": "CRAN",
      "Hash": "0879f5388fe6e4d56d7ef0b7ccb031e5"
    },
    "shapefiles": {
      "Package": "shapefiles",
      "Version": "0.7",
      "Source": "Repository",
      "Repository": "CRAN",
      "Hash": "80dde2abbbe641a1dd783cfbd1d23596"
    },
    "slam": {
      "Package": "slam",
      "Version": "0.1-49",
      "Source": "Repository",
      "Repository": "CRAN",
      "Hash": "be4af0d3420f164f135a210da1d2ba5e"
    },
    "sp": {
      "Package": "sp",
      "Version": "1.4-6",
      "Source": "Repository",
      "Repository": "CRAN",
      "Hash": "ce8613f4e8c84ef4da9eba65b874ebe9"
    },
    "stringdist": {
      "Package": "stringdist",
      "Version": "0.9.8",
      "Source": "Repository",
      "Repository": "CRAN",
      "Hash": "c8b6c79c3b2d7d8475f3ab35cd99737b"
    },
    "stringi": {
      "Package": "stringi",
      "Version": "1.7.5",
      "Source": "Repository",
      "Repository": "CRAN",
      "Hash": "cd50dc9b449de3d3b47cdc9976886999"
    },
    "stringr": {
      "Package": "stringr",
      "Version": "1.4.0",
      "Source": "Repository",
      "Repository": "CRAN",
      "Hash": "0759e6b6c0957edb1311028a49a35e76"
    },
    "tau": {
      "Package": "tau",
      "Version": "0.0-24",
      "Source": "Repository",
      "Repository": "CRAN",
      "Hash": "162003a82ec7e7c2e7bdd20f9a93a465"
    },
    "textcat": {
      "Package": "textcat",
      "Version": "1.0-7",
      "Source": "Repository",
      "Repository": "CRAN",
      "Hash": "5009fd6e94f4ba99ea2f66fc24b2954e"
    },
    "tibble": {
      "Package": "tibble",
      "Version": "3.1.6",
      "Source": "Repository",
      "Repository": "CRAN",
      "Hash": "8a8f02d1934dfd6431c671361510dd0b"
    },
    "tidyr": {
      "Package": "tidyr",
      "Version": "1.1.4",
      "Source": "Repository",
      "Repository": "CRAN",
      "Hash": "c8fbdbd9fcac223d6c6fe8e406f368e1"
    },
    "tidyselect": {
      "Package": "tidyselect",
      "Version": "1.1.1",
      "Source": "Repository",
      "Repository": "CRAN",
      "Hash": "7243004a708d06d4716717fa1ff5b2fe"
    },
    "tm": {
      "Package": "tm",
      "Version": "0.7-8",
      "Source": "Repository",
      "Repository": "CRAN",
      "Hash": "608413cbdf64d418b6a33e6c3d4d3b25"
    },
    "utf8": {
      "Package": "utf8",
      "Version": "1.2.2",
      "Source": "Repository",
      "Repository": "CRAN",
      "Hash": "c9c462b759a5cc844ae25b5942654d13"
    },
    "vctrs": {
      "Package": "vctrs",
      "Version": "0.3.8",
      "Source": "Repository",
      "Repository": "CRAN",
      "Hash": "ecf749a1b39ea72bd9b51b76292261f1"
    },
    "vegan": {
      "Package": "vegan",
      "Version": "2.5-7",
      "Source": "Repository",
      "Repository": "CRAN",
      "Hash": "01771d8de354fa30c87c68e599e2429b"
    },
    "xml2": {
      "Package": "xml2",
      "Version": "1.3.2",
      "Source": "Repository",
      "Repository": "CRAN",
      "Hash": "d4d71a75dd3ea9eb5fa28cc21f9585e2"
    }
  }
}
