{
  "renv": {
    "Version": "0.6.0-98"
  },
  "R": {
    "Version": "3.5.3",
    "Repositories": [
      {
        "Name": "CRAN",
        "URL": "https://cloud.r-project.org"
      }
    ]
  },
  "Bioconductor": {
    "Repositories": [
      {
        "Name": "BioCsoft",
        "URL": "https://bioconductor.org/packages/3.8/bioc"
      },
      {
        "Name": "BioCann",
        "URL": "https://bioconductor.org/packages/3.8/data/annotation"
      },
      {
        "Name": "BioCexp",
        "URL": "https://bioconductor.org/packages/3.8/data/experiment"
      },
      {
        "Name": "BioCworkflows",
        "URL": "https://bioconductor.org/packages/3.8/workflows"
      },
      {
        "Name": "CRAN",
        "URL": "https://cloud.r-project.org"
      }
    ]
  },
  "Packages": {
    "base64enc": {
      "Package": "base64enc",
      "Version": "0.1-3",
      "Source": "CRAN",
      "Hash": "eec0d710cee1455ba24eb6ab622a60e9"
    },
    "BH": {
      "Package": "BH",
      "Version": "1.69.0-1",
      "Source": "CRAN",
      "Hash": "88e64b38758666b85d283617231bb766"
    },
    "cli": {
      "Package": "cli",
      "Version": "1.1.0",
      "Source": "CRAN",
      "Hash": "c0a5f242aa2259cf7e40da04bb89f5d8"
    },
    "crayon": {
      "Package": "crayon",
      "Version": "1.3.4",
      "Source": "CRAN",
      "Hash": "1e93bda8f2b60a0defc85c82a39e2891"
    },
    "curl": {
      "Package": "curl",
      "Version": "3.3",
      "Source": "CRAN",
      "Hash": "921ecc2db7bca3844daaec11fce12e76"
    },
    "digest": {
      "Package": "digest",
      "Version": "0.6.18",
      "Source": "CRAN",
      "Hash": "50c07175e40eda4f3f1deb0d26a3f9dc"
    },
    "evaluate": {
      "Package": "evaluate",
      "Version": "0.13",
      "Source": "CRAN",
      "Hash": "1a4182c08eece9c529eec110119ac6a7"
    },
    "highr": {
      "Package": "highr",
      "Version": "0.8",
      "Source": "CRAN",
      "Hash": "2f5651aef7832e8eea60d3f3add2ffaa"
    },
    "htmltools": {
      "Package": "htmltools",
      "Version": "0.3.6",
      "Source": "CRAN",
      "Hash": "881e91b8b764a550de68ad18a98c05b5"
    },
    "jsonlite": {
      "Package": "jsonlite",
      "Version": "1.6",
      "Source": "CRAN",
      "Hash": "9ec2b2fe0e874a66d0cb54d8ced5618e"
    },
    "knitr": {
      "Package": "knitr",
      "Version": "1.22",
      "Source": "CRAN",
      "Hash": "b1ef4af5ce7c39dcba8da6ff39bfd7a1"
    },
    "magrittr": {
      "Package": "magrittr",
      "Version": "1.5",
      "Source": "CRAN",
      "Hash": "cb6367fec3fd68ff41424fe9797b8eaf"
    },
    "markdown": {
      "Package": "markdown",
      "Version": "0.9",
      "Source": "CRAN",
      "Hash": "5e5d7e3b37fbdb3b06e3f9484f80db0e"
    },
    "mime": {
      "Package": "mime",
      "Version": "0.6",
      "Source": "CRAN",
      "Hash": "217bc37b46b42e1e0636460ae3b96a7d"
    },
    "praise": {
      "Package": "praise",
      "Version": "1.0.0",
      "Source": "CRAN",
      "Hash": "20ffbe3f59f58529a6786101392fa476"
    },
    "processx": {
      "Package": "processx",
      "Version": "3.3.1.9000",
      "Source": "GitHub",
      "RemoteType": "github",
      "RemoteHost": "api.github.com",
      "RemoteRepo": "processx",
      "RemoteUsername": "r-lib",
      "RemoteRef": "master",
      "RemoteSha": "505cb1f8dd1f4b9ff35ed2f64ce0e86dc7855789",
      "Hash": "37c3fe67b4a210d04262bcab0c7eb551"
    },
    "R6": {
      "Package": "R6",
      "Version": "2.4.0",
      "Source": "CRAN",
      "Hash": "d42941d973f7f28b32f694bc89fb9d5f"
    },
    "Rcpp": {
      "Package": "Rcpp",
      "Version": "1.0.1",
      "Source": "CRAN",
      "Hash": "542a8dbcf371718e4dee591341d28c43"
    },
    "RCurl": {
      "Package": "RCurl",
      "Version": "1.95-4.12",
      "Source": "CRAN",
      "Hash": "23866c3a35f74fd999e83d6ee38ee5c7"
    },
    "rlang": {
      "Package": "rlang",
      "Version": "0.3.4",
      "Source": "CRAN",
      "Hash": "1367935e1052d25fd616368dea6d8bf5"
    },
    "rmarkdown": {
      "Package": "rmarkdown",
      "Version": "1.12",
      "Source": "CRAN",
      "Hash": "6adbc9e47370f441b5ab2a4a4bd066df"
    },
    "stringr": {
      "Package": "stringr",
      "Version": "1.4.0",
      "Source": "CRAN",
      "Hash": "01fb6c8262ac804d9bafa60cea8773da"
    },
    "testthat": {
      "Package": "testthat",
      "Version": "2.1.1",
      "Source": "CRAN",
      "Hash": "d1d096420c20ce540736c4e780d3c9bb"
    },
    "tinytex": {
      "Package": "tinytex",
      "Version": "0.13",
      "Source": "CRAN",
      "Hash": "b866f0a0298dc94dc2e63252bb08ab0c"
    },
    "withr": {
      "Package": "withr",
      "Version": "2.1.2",
      "Source": "CRAN",
      "Hash": "ce9ffa6d865ecaf6a56cacc811565e07"
    },
    "xfun": {
      "Package": "xfun",
      "Version": "0.7",
      "Source": "CRAN",
      "Hash": "0821bdcb5e455983cf2daae1c88038c1"
    },
    "xml2": {
      "Package": "xml2",
      "Version": "1.2.0",
      "Source": "CRAN",
      "Hash": "fe28830040ea8a0cd9d41749b8f9f715"
    },
    "yaml": {
      "Package": "yaml",
      "Version": "2.2.0",
      "Source": "CRAN",
      "Hash": "e75dfa28ca59a73adfabf6899ce04472"
    },
    "arsenal": {
      "Package": "arsenal",
      "Version": "3.1.0",
      "Source": "CRAN",
      "Hash": "506ae2edc7d8c64e8a992115b3336184"
    },
    "askpass": {
      "Package": "askpass",
      "Version": "1.1",
      "Source": "CRAN",
      "Hash": "ff8e30ba3e542c07372fca6de28bce3b"
    },
    "assertthat": {
      "Package": "assertthat",
      "Version": "0.2.1",
      "Source": "CRAN",
      "Hash": "263effaa484b1dc3013cf1c1e8f6624e"
    },
    "backports": {
      "Package": "backports",
      "Version": "1.1.4",
      "Source": "CRAN",
      "Hash": "8f863a45c5b6c9ccd5a71988138a48c2"
    },
    "bitops": {
      "Package": "bitops",
      "Version": "1.0-6",
      "Source": "CRAN",
      "Hash": "f72db5de0feaf15f856ccc2aefdf91de"
    },
    "broom": {
      "Package": "broom",
      "Version": "0.5.2",
      "Source": "CRAN",
      "Hash": "a9d79e24f3ce764752c892f0d5f7f61c"
    },
    "callr": {
      "Package": "callr",
      "Version": "3.2.0",
      "Source": "CRAN",
      "Hash": "7af03bdfa915fefcf1e1abcfad81755f"
    },
    "cellranger": {
      "Package": "cellranger",
      "Version": "1.1.0",
      "Source": "CRAN",
      "Hash": "a6279d19fb8783f899f8dc3edb9a71b0"
    },
    "clipr": {
      "Package": "clipr",
      "Version": "0.6.0",
      "Source": "CRAN",
      "Hash": "b5c8e6072ef59bb5d2e755f4b249dae0"
    },
    "colorspace": {
      "Package": "colorspace",
      "Version": "1.4-1",
      "Source": "CRAN",
      "Hash": "70941d6476af18c149b5b6916f87a7c5"
    },
    "DBI": {
      "Package": "DBI",
      "Version": "1.0.0",
      "Source": "CRAN",
      "Hash": "5608e5aeeba9ae979e5bfd26ca0835a5"
    },
    "dbplyr": {
      "Package": "dbplyr",
      "Version": "1.4.0",
      "Source": "CRAN",
      "Hash": "3bae66836ad0369d925be9c0b58bdb36"
    },
    "dplyr": {
      "Package": "dplyr",
      "Version": "0.8.1",
      "Source": "CRAN",
      "Hash": "8cdcbbb5b14d9f9aea8ba9b9fa06729b"
    },
    "ellipsis": {
      "Package": "ellipsis",
      "Version": "0.1.0",
      "Source": "CRAN",
      "Hash": "6d1d4612d4cfcaa05e67a534c3b5e470"
    },
    "fansi": {
      "Package": "fansi",
      "Version": "0.4.0",
      "Source": "CRAN",
      "Hash": "7e8ca3a2d400cbdaf72a602e9833c920"
    },
    "forcats": {
      "Package": "forcats",
      "Version": "0.4.0",
      "Source": "CRAN",
      "Hash": "c5d5b0c24161479679cfbf94fba339f4"
    },
    "fs": {
      "Package": "fs",
      "Version": "1.3.1",
      "Source": "CRAN",
      "Hash": "110467e48d2be4583fe18d7bdbbc3c54"
    },
    "generics": {
      "Package": "generics",
      "Version": "0.0.2",
      "Source": "CRAN",
      "Hash": "c2a574a14f5f45a84ead80391c3075d6"
    },
    "ggplot2": {
      "Package": "ggplot2",
      "Version": "3.1.1",
      "Source": "CRAN",
      "Hash": "4afc1cad89d1a1acc0ed18e69ae71323"
    },
    "glue": {
      "Package": "glue",
      "Version": "1.3.1",
      "Source": "CRAN",
      "Hash": "156f76da413ebe13f4d7e65ae6a5d19f"
    },
    "gtable": {
      "Package": "gtable",
      "Version": "0.3.0",
      "Source": "CRAN",
      "Hash": "120444406cc884baa3a2ff5c0566045b"
    },
    "haven": {
      "Package": "haven",
      "Version": "2.1.0",
      "Source": "CRAN",
      "Hash": "a5147d91e024a58883490a0300cd0534"
    },
    "hms": {
      "Package": "hms",
      "Version": "0.4.2",
      "Source": "CRAN",
      "Hash": "c1a7ac1b51eb0f5ef51a4ea256eb9cbe"
    },
    "httr": {
      "Package": "httr",
      "Version": "1.4.0",
      "Source": "CRAN",
      "Hash": "f5dc99b1972d4e9eaf6f5c452339db08"
    },
    "labeling": {
      "Package": "labeling",
      "Version": "0.3",
      "Source": "CRAN",
      "Hash": "379ec196f3f3bb312727d52b022fa8f9"
    },
    "lazyeval": {
      "Package": "lazyeval",
      "Version": "0.2.2",
      "Source": "CRAN",
      "Hash": "8c343e48c3f58de2c70a641592abc0f1"
    },
    "lubridate": {
      "Package": "lubridate",
      "Version": "1.7.4",
      "Source": "CRAN",
      "Hash": "4af93df0d50bb3919de67f36e7d3d00b"
    },
    "MASS": {
      "Package": "MASS",
      "Version": "7.3-51.4",
      "Source": "CRAN",
      "Hash": "a670f645948409d325eddb0b199ed968"
    },
    "modelr": {
      "Package": "modelr",
      "Version": "0.1.4",
      "Source": "CRAN",
      "Hash": "5eae0bb48971866c0bf67a6d2b493f1b"
    },
    "munsell": {
      "Package": "munsell",
      "Version": "0.5.0",
      "Source": "CRAN",
      "Hash": "381047af4d6b44ca4d9285dbdea42434"
    },
    "openssl": {
      "Package": "openssl",
      "Version": "1.3",
      "Source": "CRAN",
      "Hash": "ca742ffe11d603c1b7ea425d7d85a0ef"
    },
    "pillar": {
      "Package": "pillar",
      "Version": "1.4.0",
      "Source": "CRAN",
      "Hash": "0012ae5d08cab261e929647763ba6226"
    },
    "pkgconfig": {
      "Package": "pkgconfig",
      "Version": "2.0.2",
      "Source": "CRAN",
      "Hash": "47f492c929356d52b15018b5827cf857"
    },
    "plogr": {
      "Package": "plogr",
      "Version": "0.2.0",
      "Source": "CRAN",
      "Hash": "4f3b95dcac0fc64e36666ac8e6430fc7"
    },
    "plyr": {
      "Package": "plyr",
      "Version": "1.8.4",
      "Source": "CRAN",
      "Hash": "48b2c2a9c4a504ea9167e9252fd9fade"
    },
    "prettyunits": {
      "Package": "prettyunits",
      "Version": "1.0.2",
      "Source": "CRAN",
      "Hash": "47d4646a3be22893c04093e8db164989"
    },
    "progress": {
      "Package": "progress",
      "Version": "1.2.2",
      "Source": "CRAN",
      "Hash": "819ec59e511e26ceed4ebdf272b6671f"
    },
    "ps": {
      "Package": "ps",
      "Version": "1.3.0",
      "Source": "CRAN",
      "Hash": "12c6a7e02239401d47599ddc44a484f4"
    },
    "purrr": {
      "Package": "purrr",
      "Version": "0.3.2",
      "Source": "CRAN",
      "Hash": "19767ff705a04566e2f396e15ccc1b39"
    },
    "RColorBrewer": {
      "Package": "RColorBrewer",
      "Version": "1.1-2",
      "Source": "CRAN",
      "Hash": "cdfb92174501c241a0d4e13fcac600a4"
    },
    "readr": {
      "Package": "readr",
      "Version": "1.3.1",
      "Source": "CRAN",
      "Hash": "19e0ffd8bcaff3476349d8787fc8bd59"
    },
    "readxl": {
      "Package": "readxl",
      "Version": "1.3.1",
      "Source": "CRAN",
      "Hash": "b0467b5406ee2c29709c4a57cab692d1"
    },
    "rematch": {
      "Package": "rematch",
      "Version": "1.0.1",
      "Source": "CRAN",
      "Hash": "d80f39f4db9c537a1def235969d648ea"
    },
    "reprex": {
      "Package": "reprex",
      "Version": "0.3.0",
      "Source": "CRAN",
      "Hash": "99df2b9f9ef2946d5af0910afaf56198"
    },
    "reshape2": {
      "Package": "reshape2",
      "Version": "1.4.3",
      "Source": "CRAN",
      "Hash": "a0b8854199dbfa29a71f514b3ffcddf0"
    },
    "rstudioapi": {
      "Package": "rstudioapi",
      "Version": "0.10",
      "Source": "CRAN",
      "Hash": "6c03ab57831cbdae14d599151e832e18"
    },
    "rvest": {
      "Package": "rvest",
      "Version": "0.3.4",
      "Source": "CRAN",
      "Hash": "a40342e9ea5fd36819a8c8baac506d43"
    },
    "scales": {
      "Package": "scales",
      "Version": "1.0.0",
      "Source": "CRAN",
      "Hash": "17cfbe1a4fcc8d0440a2af68d9e07bf4"
    },
    "selectr": {
      "Package": "selectr",
      "Version": "0.4-1",
      "Source": "CRAN",
      "Hash": "cc537e333408bb2f0088bc7b20f0e821"
    },
    "stringi": {
      "Package": "stringi",
      "Version": "1.4.3",
      "Source": "CRAN",
      "Hash": "0472e71f2347e13cd398d5225ff3b0ea"
    },
    "sys": {
      "Package": "sys",
      "Version": "3.2",
      "Source": "CRAN",
      "Hash": "22bf912f5ebfddff8992fdd4d01e9bb4"
    },
    "tibble": {
      "Package": "tibble",
      "Version": "2.1.1",
      "Source": "CRAN",
      "Hash": "12ce38efdfe72eb34c31873431337e35"
    },
    "tidyr": {
      "Package": "tidyr",
      "Version": "0.8.3",
      "Source": "CRAN",
      "Hash": "d50a808d7d4c6ef63190fdcf452977ae"
    },
    "tidyselect": {
      "Package": "tidyselect",
      "Version": "0.2.5",
      "Source": "CRAN",
      "Hash": "66c1a6de7f98266b76503698f2ca111d"
    },
    "tidyverse": {
      "Package": "tidyverse",
      "Version": "1.2.1",
      "Source": "CRAN",
      "Hash": "ea055dfa5ed1e736f1ebacb553cbddbd"
    },
    "utf8": {
      "Package": "utf8",
      "Version": "1.1.4",
      "Source": "CRAN",
      "Hash": "557d1cc1d7b4ff362db5990acc00f2a0"
    },
    "vctrs": {
      "Package": "vctrs",
      "Version": "0.1.0",
      "Source": "CRAN",
      "Hash": "a57267520709009929b09af57d668a2a"
    },
    "viridisLite": {
      "Package": "viridisLite",
      "Version": "0.3.0",
      "Source": "CRAN",
      "Hash": "e62dbc33079a4e2ff7429032f0e46efd"
    },
    "whisker": {
      "Package": "whisker",
      "Version": "0.3-2",
      "Source": "CRAN",
      "Hash": "1e74aefd2c67890f504a1fa2d0834d70"
    },
    "zeallot": {
      "Package": "zeallot",
      "Version": "0.1.0",
      "Source": "CRAN",
      "Hash": "c33bb7353728bd4547a079b2c351a021"
    },
    "lattice": {
      "Package": "lattice",
      "Version": "0.20-38",
      "Source": "CRAN",
      "Hash": "16dfe2407fe485b6a9fb098120008721"
    },
    "Matrix": {
      "Package": "Matrix",
      "Version": "1.2-17",
      "Source": "CRAN",
      "Hash": "b2eae6a1a2e206ecc478f3ff9dc98a5e"
    },
    "mgcv": {
      "Package": "mgcv",
      "Version": "1.8-28",
      "Source": "CRAN",
      "Hash": "7b78c0b314871340c4f56d38e6b66dd5"
    },
    "nlme": {
      "Package": "nlme",
      "Version": "3.1-139",
      "Source": "CRAN",
      "Hash": "120db5776a27efebe1cca6e75cd460a7"
    }
  }
}
